PODS:
  - Alamofire (4.5.0)
  - AlamofireImage (3.2.0):
    - Alamofire (~> 4.1)
  - Downpour (0.2.0)
  - KeychainAccess (3.0.2)
  - Realm (2.8.3):
    - Realm/Headers (= 2.8.3)
  - Realm/Headers (2.8.3)
  - RealmSwift (2.8.3):
    - Realm (= 2.8.3)
  - SwiftyJSON (3.1.4)

DEPENDENCIES:
  - Alamofire (~> 4.4)
  - AlamofireImage (~> 3.1)
  - Downpour (~> 0.2.0)
  - KeychainAccess (~> 3.0.2)
  - Realm
  - RealmSwift
  - SwiftyJSON (~> 3.1.4)

SPEC CHECKSUMS:
  Alamofire: f28cdffd29de33a7bfa022cbd63ae95a27fae140
  AlamofireImage: 157ed682cc81d3b9db4fb90c1f12180ac552d93b
  Downpour: e35bf7a969c3bd81910155bb599819f949215cd7
  KeychainAccess: a986406022dfc7c634c691ad3bec670cc6a32002
  Realm: 3601ef091c8c499a31101d8563b991e75546cdce
  RealmSwift: 8183818515471b01a99abdd2970f8e4fd52b6f4a
  SwiftyJSON: c2842d878f95482ffceec5709abc3d05680c0220

PODFILE CHECKSUM: 536f9a68be66eaaac7ec31d0cdc51eb997bc02bb

COCOAPODS: 1.2.1
